{
	"name": "@oma-wc/google-map",
	"version": "0.7.3",
	"lockfileVersion": 1,
	"requires": true,
	"dependencies": {
		"haunted": {
			"version": "4.7.1",
			"resolved": "https://registry.npmjs.org/haunted/-/haunted-4.7.1.tgz",
			"integrity": "sha512-bUQGPlKIAR1Ou22tjF4YgRaNaUHdeJx6T1x06h3iC7yvreHMpodO3/ixchEAU3QK1e4SjzvaFA0of0m9jiE4Kg==",
			"requires": {
				"lit-html": "^1.0.0"
			}
		},
		"lit-html": {
			"version": "1.3.0",
			"resolved": "https://registry.npmjs.org/lit-html/-/lit-html-1.3.0.tgz",
			"integrity": "sha512-0Q1bwmaFH9O14vycPHw8C/IeHMk/uSDldVLIefu/kfbTBGIc44KGH6A8p1bDfxUfHdc8q6Ct7kQklWoHgr4t1Q=="
		}
	}
}
