{
	"name": "@oma-wc/social-media-links",
	"version": "0.3.1",
	"lockfileVersion": 1,
	"requires": true,
	"dependencies": {
		"haunted": {
			"version": "4.7.0",
			"resolved": "https://registry.npmjs.org/haunted/-/haunted-4.7.0.tgz",
			"integrity": "sha512-ajsUengbSL2ELljJ2VLU2o5BfG/drzZV+BvSLALvIBx+24owmxC5iW7+SK/Y667JaVmratEPR010bYpGKAt7ow==",
			"requires": {
				"lit-html": "^1.0.0"
			}
		},
		"lit-html": {
			"version": "1.1.2",
			"resolved": "https://registry.npmjs.org/lit-html/-/lit-html-1.1.2.tgz",
			"integrity": "sha512-FFlUMKHKi+qG1x1iHNZ1hrtc/zHmfYTyrSvs3/wBTvaNtpZjOZGWzU7efGYVpgp6KvWeKF6ql9/KsCq6Z/mEDA=="
		}
	}
}
