{
	"name": "@oma-wc/site",
	"version": "0.7.0",
	"lockfileVersion": 2,
	"requires": true,
	"packages": {
		"": {
			"name": "@oma-wc/site",
			"version": "0.7.0",
			"license": "GPL3",
			"dependencies": {
				"haunted": "^4.7.0"
			}
		},
		"node_modules/@lit/reactive-element": {
			"version": "1.0.1",
			"resolved": "https://registry.npmjs.org/@lit/reactive-element/-/reactive-element-1.0.1.tgz",
			"integrity": "sha512-nSD5AA2AZkKuXuvGs8IK7K5ZczLAogfDd26zT9l6S7WzvqALdVWcW5vMUiTnZyj5SPcNwNNANj0koeV1ieqTFQ=="
		},
		"node_modules/haunted": {
			"version": "4.8.2",
			"resolved": "https://registry.npmjs.org/haunted/-/haunted-4.8.2.tgz",
			"integrity": "sha512-+auNzzp1AjzZblPrY3oV8PuTGAcK6I9ExBfFnhR+6HINVFeM7BR+jPDAKxa7NF22RBbu5McBhbp+t0zO0rqrqQ==",
			"dependencies": {
				"@lit/reactive-element": "^1.0.0-rc.2",
				"lit-html": "^1.0.0"
			}
		},
		"node_modules/lit-html": {
			"version": "1.1.2",
			"resolved": "https://registry.npmjs.org/lit-html/-/lit-html-1.1.2.tgz",
			"integrity": "sha512-FFlUMKHKi+qG1x1iHNZ1hrtc/zHmfYTyrSvs3/wBTvaNtpZjOZGWzU7efGYVpgp6KvWeKF6ql9/KsCq6Z/mEDA=="
		}
	},
	"dependencies": {
		"@lit/reactive-element": {
			"version": "1.0.1",
			"resolved": "https://registry.npmjs.org/@lit/reactive-element/-/reactive-element-1.0.1.tgz",
			"integrity": "sha512-nSD5AA2AZkKuXuvGs8IK7K5ZczLAogfDd26zT9l6S7WzvqALdVWcW5vMUiTnZyj5SPcNwNNANj0koeV1ieqTFQ=="
		},
		"haunted": {
			"version": "4.8.2",
			"resolved": "https://registry.npmjs.org/haunted/-/haunted-4.8.2.tgz",
			"integrity": "sha512-+auNzzp1AjzZblPrY3oV8PuTGAcK6I9ExBfFnhR+6HINVFeM7BR+jPDAKxa7NF22RBbu5McBhbp+t0zO0rqrqQ==",
			"requires": {
				"@lit/reactive-element": "^1.0.0-rc.2",
				"lit-html": "^1.0.0"
			}
		},
		"lit-html": {
			"version": "1.1.2",
			"resolved": "https://registry.npmjs.org/lit-html/-/lit-html-1.1.2.tgz",
			"integrity": "sha512-FFlUMKHKi+qG1x1iHNZ1hrtc/zHmfYTyrSvs3/wBTvaNtpZjOZGWzU7efGYVpgp6KvWeKF6ql9/KsCq6Z/mEDA=="
		}
	}
}
