{
	"name": "@oma-wc/content-switch",
	"version": "0.10.0",
	"lockfileVersion": 2,
	"requires": true,
	"packages": {
		"": {
			"name": "@oma-wc/content-switch",
			"version": "0.7.0",
			"license": "GPL3",
			"dependencies": {
				"@oma-wc/state": "^0.7.0",
				"haunted": "^4.7.0"
			}
		},
		"node_modules/@lit/reactive-element": {
			"version": "1.0.1",
			"resolved": "https://registry.npmjs.org/@lit/reactive-element/-/reactive-element-1.0.1.tgz",
			"integrity": "sha512-nSD5AA2AZkKuXuvGs8IK7K5ZczLAogfDd26zT9l6S7WzvqALdVWcW5vMUiTnZyj5SPcNwNNANj0koeV1ieqTFQ=="
		},
		"node_modules/@oma-wc/state": {
			"version": "0.7.0",
			"resolved": "https://registry.npmjs.org/@oma-wc/state/-/state-0.7.0.tgz",
			"integrity": "sha512-IjHRrUJ8chfJ4bW+fSC3ERHPY3SXynuR1j0AUB63UQ5gppt8xFyGam8PTV1NeG2tQQSsTndZlgHGj28141izgg=="
		},
		"node_modules/haunted": {
			"version": "4.8.2",
			"resolved": "https://registry.npmjs.org/haunted/-/haunted-4.8.2.tgz",
			"integrity": "sha512-+auNzzp1AjzZblPrY3oV8PuTGAcK6I9ExBfFnhR+6HINVFeM7BR+jPDAKxa7NF22RBbu5McBhbp+t0zO0rqrqQ==",
			"dependencies": {
				"@lit/reactive-element": "^1.0.0-rc.2",
				"lit-html": "^1.0.0"
			}
		},
		"node_modules/lit-html": {
			"version": "1.4.1",
			"resolved": "https://registry.npmjs.org/lit-html/-/lit-html-1.4.1.tgz",
			"integrity": "sha512-B9btcSgPYb1q4oSOb/PrOT6Z/H+r6xuNzfH4lFli/AWhYwdtrgQkQWBbIc6mdnf6E2IL3gDXdkkqNktpU0OZQA=="
		}
	},
	"dependencies": {
		"@lit/reactive-element": {
			"version": "1.0.1",
			"resolved": "https://registry.npmjs.org/@lit/reactive-element/-/reactive-element-1.0.1.tgz",
			"integrity": "sha512-nSD5AA2AZkKuXuvGs8IK7K5ZczLAogfDd26zT9l6S7WzvqALdVWcW5vMUiTnZyj5SPcNwNNANj0koeV1ieqTFQ=="
		},
		"@oma-wc/state": {
			"version": "0.7.0",
			"resolved": "https://registry.npmjs.org/@oma-wc/state/-/state-0.7.0.tgz",
			"integrity": "sha512-IjHRrUJ8chfJ4bW+fSC3ERHPY3SXynuR1j0AUB63UQ5gppt8xFyGam8PTV1NeG2tQQSsTndZlgHGj28141izgg=="
		},
		"haunted": {
			"version": "4.8.2",
			"resolved": "https://registry.npmjs.org/haunted/-/haunted-4.8.2.tgz",
			"integrity": "sha512-+auNzzp1AjzZblPrY3oV8PuTGAcK6I9ExBfFnhR+6HINVFeM7BR+jPDAKxa7NF22RBbu5McBhbp+t0zO0rqrqQ==",
			"requires": {
				"@lit/reactive-element": "^1.0.0-rc.2",
				"lit-html": "^1.0.0"
			}
		},
		"lit-html": {
			"version": "1.4.1",
			"resolved": "https://registry.npmjs.org/lit-html/-/lit-html-1.4.1.tgz",
			"integrity": "sha512-B9btcSgPYb1q4oSOb/PrOT6Z/H+r6xuNzfH4lFli/AWhYwdtrgQkQWBbIc6mdnf6E2IL3gDXdkkqNktpU0OZQA=="
		}
	}
}
