{
	"name": "@oma-wc/menu",
	"version": "0.15.0",
	"lockfileVersion": 1,
	"requires": true,
	"dependencies": {
		"@lit/reactive-element": {
			"version": "1.4.1",
			"resolved": "https://registry.npmjs.org/@lit/reactive-element/-/reactive-element-1.4.1.tgz",
			"integrity": "sha512-qDv4851VFSaBWzpS02cXHclo40jsbAjRXnebNXpm0uVg32kCneZPo9RYVQtrTNICtZ+1wAYHu1ZtxWSWMbKrBw=="
		},
		"haunted": {
			"version": "4.8.3",
			"resolved": "https://registry.npmjs.org/haunted/-/haunted-4.8.3.tgz",
			"integrity": "sha512-Nf8uMNtwTqooNBmlfQt+ApnKnp9SSP3FkPu7neBd/XF7UHxtzFyTk5CM96XTMMcWDGThKxgvy1auRx4xOIr8fQ==",
			"requires": {
				"@lit/reactive-element": "^1.0.0-rc.2",
				"lit-html": "^1.0.0"
			}
		},
		"lit-html": {
			"version": "1.4.1",
			"resolved": "https://registry.npmjs.org/lit-html/-/lit-html-1.4.1.tgz",
			"integrity": "sha512-B9btcSgPYb1q4oSOb/PrOT6Z/H+r6xuNzfH4lFli/AWhYwdtrgQkQWBbIc6mdnf6E2IL3gDXdkkqNktpU0OZQA=="
		}
	}
}
